
//#include <iostream>
//using namespace std;
//                            // перевод на руский язык с права
//int main() {
//    int x1, y1, x2, y2; // координати прямокутника
//    int x, y;           // координати точки
//
//    cout << "Enter the coordinates of the upper left corner (x1 y1): ";// верхний левый угол 
//    cin >> x1 >> y1;
//
//    cout << "Enter the coordinates of the lower right corner (x2 y2): ";// нижний правый угол 
//    cin >> x2 >> y2;
//
//    cout << "Enter the coordinates of the point (x y): ";// координаты точки 
//    cin >> x >> y;
//
//    if (x >= x1 && x <= x2 && y >= y1 && y <= y2) {
//        cout << "The point belongs to the rectangle." << "\n";// точка принадлежит прямоугольнику
//    }
//    else {
//        cout << "The point does NOT belong to the rectangle.." <<"\n";// точка НЕ принадлежит прямоугольнику
//    }
//
//    return 0;
//}



//#include <iostream>
//using namespace std;
//
//int main() {
//    int ticket;
//
//    cout << "Enter the six-digit ticket number: ";
//    cin >> ticket;
//
//    if (ticket < 100000 || ticket > 999999) {
//        cout << "This is not a six-digit number!" <<"\n";
//        return 1;
//    }
//
//    int a1 = ticket / 100000;
//    int a2 = (ticket / 10000) % 10;
//    int a3 = (ticket / 1000) % 10;
//    int a4 = (ticket / 100) % 10;
//    int a5 = (ticket / 10) % 10;
//    int a6 = ticket % 10;
//
//    int sum1 = a1 + a2 + a3;
//    int sum2 = a4 + a5 + a6;
//
//    if (sum1 == sum2) {
//        cout << "This is a lucky ticket!" << "\n";
//    }
//    else {
//        cout << "Regular ticket." << "\n";
//    }
//
//    return 0;
//}


//#include <iostream>
//using namespace std;
//
//int main() {
//    int a, b;
//    int choice;
//
//    cout << "Введіть перше ціле число: ";
//    cin >> a;
//    cout << "Введіть друге ціле число: ";
//    cin >> b;
//
//    cout << "\nОберіть операцію:\n";
//    cout << "1. Додавання (+)\n";
//    cout << "2. Віднімання (-)\n";
//    cout << "3. Множення (*)\n";
//    cout << "4. Ділення (/)\n";
//    cout << "5. Залишок від ділення (%)\n";
//    cout << "Ваш вибір: \n";
//    cin >> choice;
//
//    switch (choice) {
//    case 1:
//        cout << "Результат: " << a + b << "\n";
//        break;
//    case 2:
//        cout << "Результат: " << a - b << "\n";
//        break;
//    case 3:
//        cout << "Результат: " << a * b << "\n";
//        break;
//    case 4:
//        if (b == 0)
//            cout << "Помилка: ділення на нуль!" << "\n";
//        else
//            cout << "Результат: " << a / b << "\n";
//        break;
//    case 5:
//        if (b == 0)
//            cout << "Помилка: ділення на нуль!" << "\n";
//        else
//            cout << "Результат: " << a % b << "\n";
//        break;
//    default:
//        cout << "Невірний вибір операції!" << "\n";
//    }
//
//
//}


// діапазону від 0 до 100

//#include <iostream>
//using namespace std;
//
//int main() {
//    int number;
//    cout << "Введіть число: ";
//    cin >> number;
//
//    string result = (number >= 0 && number <= 100) ? "Число в діапазоні [0, 100]" : "Число поза діапазоном";
//    cout << result <<"\n";
//
//    return 0;
//}

// дробову частину

//#include <iostream>
//using namespace std;
//
//int main() {
//    double number;
//    cout << "Введіть число: ";
//    cin >> number;
//
//    string result = (number == int(number)) ? "Число не має дробової частини" : "Число має дробову частину";
//    cout << result << endl;
//
//    return 0;
//}

// мольфар 3000

//#include <iostream>
//#include <cstdlib>
//#include <ctime>
//using namespace std;
//
//int main() {
//    srand(time(0));
//    string answers[] = {
//        "Так", "Ні", "Можливо", "Спробуй ще раз", "Однозначно", "Ніколи", "Шанс є"
//    };
//
//    string q;
//    while (true) {
//        cout << "Запитай щось (або введи 'стоп' для виходу): ";
//        cin >> q;
//        if (q == "стоп") break;
//        cout << answers[rand() % 7] << "\n";
//    }
//
//    return 0;
//}
